
Microsoft Visual Studio Solution File, Format Version 12.00
# Visual Studio Version 17
VisualStudioVersion = 17.8.34408.163
MinimumVisualStudioVersion = 10.0.40219.1
Project("{FAE04EC0-301F-11D3-BF4B-00C04F79EFBC}") = "WPFReflector", "WPFReflector\WPFReflector.csproj", "{94BAD98E-94AD-47AA-8AD1-1922CADB63FE}"
EndProject
Global
	GlobalSection(SolutionConfigurationPlatforms) = preSolution
		Debug|Any CPU = Debug|Any CPU
		Release|Any CPU = Release|Any CPU
	EndGlobalSection
	GlobalSection(ProjectConfigurationPlatforms) = postSolution
		{94BAD98E-94AD-47AA-8AD1-1922CADB63FE}.Debug|Any CPU.ActiveCfg = Debug|Any CPU
		{94BAD98E-94AD-47AA-8AD1-1922CADB63FE}.Debug|Any CPU.Build.0 = Debug|Any CPU
		{94BAD98E-94AD-47AA-8AD1-1922CADB63FE}.Release|Any CPU.ActiveCfg = Release|Any CPU
		{94BAD98E-94AD-47AA-8AD1-1922CADB63FE}.Release|Any CPU.Build.0 = Release|Any CPU
	EndGlobalSection
	GlobalSection(SolutionProperties) = preSolution
		HideSolutionNode = FALSE
	EndGlobalSection
	GlobalSection(ExtensibilityGlobals) = postSolution
		SolutionGuid = {A60A262C-DC58-4E27-BE79-4F1C975BD7F5}
	EndGlobalSection
EndGlobal
